
Microsoft Visual Studio Solution File, Format Version 12.00
# Visual Studio Version 17
VisualStudioVersion = 17.2.32630.192
MinimumVisualStudioVersion = 10.0.40219.1
Project("{FAE04EC0-301F-11D3-BF4B-00C04F79EFBC}") = "DaysLoop", "DaysLoop\DaysLoop.csproj", "{364B7378-F11A-41A5-97E5-64D3158AE62E}"
EndProject
Global
	GlobalSection(SolutionConfigurationPlatforms) = preSolution
		Debug|Any CPU = Debug|Any CPU
		Release|Any CPU = Release|Any CPU
	EndGlobalSection
	GlobalSection(ProjectConfigurationPlatforms) = postSolution
		{364B7378-F11A-41A5-97E5-64D3158AE62E}.Debug|Any CPU.ActiveCfg = Debug|Any CPU
		{364B7378-F11A-41A5-97E5-64D3158AE62E}.Debug|Any CPU.Build.0 = Debug|Any CPU
		{364B7378-F11A-41A5-97E5-64D3158AE62E}.Release|Any CPU.ActiveCfg = Release|Any CPU
		{364B7378-F11A-41A5-97E5-64D3158AE62E}.Release|Any CPU.Build.0 = Release|Any CPU
	EndGlobalSection
	GlobalSection(SolutionProperties) = preSolution
		HideSolutionNode = FALSE
	EndGlobalSection
	GlobalSection(ExtensibilityGlobals) = postSolution
		SolutionGuid = {F5B86483-80A3-4030-AEE1-F306C8912B04}
	EndGlobalSection
EndGlobal
